
Microsoft Visual Studio Solution File, Format Version 12.00
# Visual Studio Version 17
VisualStudioVersion = 17.14.37012.4 d17.14
MinimumVisualStudioVersion = 10.0.40219.1
Project("{FAE04EC0-301F-11D3-BF4B-00C04F79EFBC}") = "Library.App", "Library.App\Library.App.csproj", "{DD6A2F62-3ADF-43E2-9624-66BF8524DA0D}"
EndProject
Project("{FAE04EC0-301F-11D3-BF4B-00C04F79EFBC}") = "Library.DTO", "Library.DTO\Library.DTO.csproj", "{069505B3-1876-44AD-8937-09C5DA061704}"
EndProject
Project("{FAE04EC0-301F-11D3-BF4B-00C04F79EFBC}") = "Library.Repository", "Library.Repository\Library.Repository.csproj", "{3D7BF968-9C45-4226-BC7F-8F6E488264A4}"
EndProject
Project("{FAE04EC0-301F-11D3-BF4B-00C04F79EFBC}") = "Library.Service", "Library.Service\Library.Service.csproj", "{2266D93A-C6A2-49E4-AD26-A071EBCD7970}"
EndProject
Project("{FAE04EC0-301F-11D3-BF4B-00C04F79EFBC}") = "Library.Extension", "Library.Extension\Library.Extension.csproj", "{12708910-151B-4581-8F54-2E160E54E1A1}"
EndProject
Project("{FAE04EC0-301F-11D3-BF4B-00C04F79EFBC}") = "Library.Test", "Library.Test\Library.Test.csproj", "{D684F912-A5A0-4CC1-A40C-5E6740C100E8}"
EndProject
Project("{00D1A9C2-B5F0-4AF3-8072-F6C62B433612}") = "Library.Database", "Library.Database\Library.Database.sqlproj", "{51E3343D-ECE1-4234-B91F-7C7ECDAC170A}"
EndProject
Project("{FAE04EC0-301F-11D3-BF4B-00C04F79EFBC}") = "TestApp", "TestApp\TestApp.csproj", "{A142C544-4064-41E8-8B3A-BDD4D432C01C}"
EndProject
Global
	GlobalSection(SolutionConfigurationPlatforms) = preSolution
		Debug|Any CPU = Debug|Any CPU
		Release|Any CPU = Release|Any CPU
	EndGlobalSection
	GlobalSection(ProjectConfigurationPlatforms) = postSolution
		{DD6A2F62-3ADF-43E2-9624-66BF8524DA0D}.Debug|Any CPU.ActiveCfg = Debug|Any CPU
		{DD6A2F62-3ADF-43E2-9624-66BF8524DA0D}.Debug|Any CPU.Build.0 = Debug|Any CPU
		{DD6A2F62-3ADF-43E2-9624-66BF8524DA0D}.Release|Any CPU.ActiveCfg = Release|Any CPU
		{DD6A2F62-3ADF-43E2-9624-66BF8524DA0D}.Release|Any CPU.Build.0 = Release|Any CPU
		{069505B3-1876-44AD-8937-09C5DA061704}.Debug|Any CPU.ActiveCfg = Debug|Any CPU
		{069505B3-1876-44AD-8937-09C5DA061704}.Debug|Any CPU.Build.0 = Debug|Any CPU
		{069505B3-1876-44AD-8937-09C5DA061704}.Release|Any CPU.ActiveCfg = Release|Any CPU
		{069505B3-1876-44AD-8937-09C5DA061704}.Release|Any CPU.Build.0 = Release|Any CPU
		{3D7BF968-9C45-4226-BC7F-8F6E488264A4}.Debug|Any CPU.ActiveCfg = Debug|Any CPU
		{3D7BF968-9C45-4226-BC7F-8F6E488264A4}.Debug|Any CPU.Build.0 = Debug|Any CPU
		{3D7BF968-9C45-4226-BC7F-8F6E488264A4}.Release|Any CPU.ActiveCfg = Release|Any CPU
		{3D7BF968-9C45-4226-BC7F-8F6E488264A4}.Release|Any CPU.Build.0 = Release|Any CPU
		{2266D93A-C6A2-49E4-AD26-A071EBCD7970}.Debug|Any CPU.ActiveCfg = Debug|Any CPU
		{2266D93A-C6A2-49E4-AD26-A071EBCD7970}.Debug|Any CPU.Build.0 = Debug|Any CPU
		{2266D93A-C6A2-49E4-AD26-A071EBCD7970}.Release|Any CPU.ActiveCfg = Release|Any CPU
		{2266D93A-C6A2-49E4-AD26-A071EBCD7970}.Release|Any CPU.Build.0 = Release|Any CPU
		{12708910-151B-4581-8F54-2E160E54E1A1}.Debug|Any CPU.ActiveCfg = Debug|Any CPU
		{12708910-151B-4581-8F54-2E160E54E1A1}.Debug|Any CPU.Build.0 = Debug|Any CPU
		{12708910-151B-4581-8F54-2E160E54E1A1}.Release|Any CPU.ActiveCfg = Release|Any CPU
		{12708910-151B-4581-8F54-2E160E54E1A1}.Release|Any CPU.Build.0 = Release|Any CPU
		{D684F912-A5A0-4CC1-A40C-5E6740C100E8}.Debug|Any CPU.ActiveCfg = Debug|Any CPU
		{D684F912-A5A0-4CC1-A40C-5E6740C100E8}.Debug|Any CPU.Build.0 = Debug|Any CPU
		{D684F912-A5A0-4CC1-A40C-5E6740C100E8}.Release|Any CPU.ActiveCfg = Release|Any CPU
		{D684F912-A5A0-4CC1-A40C-5E6740C100E8}.Release|Any CPU.Build.0 = Release|Any CPU
		{51E3343D-ECE1-4234-B91F-7C7ECDAC170A}.Debug|Any CPU.ActiveCfg = Debug|Any CPU
		{51E3343D-ECE1-4234-B91F-7C7ECDAC170A}.Debug|Any CPU.Build.0 = Debug|Any CPU
		{51E3343D-ECE1-4234-B91F-7C7ECDAC170A}.Debug|Any CPU.Deploy.0 = Debug|Any CPU
		{51E3343D-ECE1-4234-B91F-7C7ECDAC170A}.Release|Any CPU.ActiveCfg = Release|Any CPU
		{51E3343D-ECE1-4234-B91F-7C7ECDAC170A}.Release|Any CPU.Build.0 = Release|Any CPU
		{51E3343D-ECE1-4234-B91F-7C7ECDAC170A}.Release|Any CPU.Deploy.0 = Release|Any CPU
		{A142C544-4064-41E8-8B3A-BDD4D432C01C}.Debug|Any CPU.ActiveCfg = Debug|Any CPU
		{A142C544-4064-41E8-8B3A-BDD4D432C01C}.Debug|Any CPU.Build.0 = Debug|Any CPU
		{A142C544-4064-41E8-8B3A-BDD4D432C01C}.Release|Any CPU.ActiveCfg = Release|Any CPU
		{A142C544-4064-41E8-8B3A-BDD4D432C01C}.Release|Any CPU.Build.0 = Release|Any CPU
	EndGlobalSection
	GlobalSection(SolutionProperties) = preSolution
		HideSolutionNode = FALSE
	EndGlobalSection
	GlobalSection(ExtensibilityGlobals) = postSolution
		SolutionGuid = {CCCF2001-0710-4D84-8523-8A2AFF073751}
	EndGlobalSection
EndGlobal
